{
  "lockfile_version": "1",
  "packages": {
    "just@latest": {
      "last_modified": "2024-08-14T11:41:26Z",
      "resolved": "github:NixOS/nixpkgs/0cb2fd7c59fed0cd82ef858cbcbdb552b9a33465#just",
      "source": "devbox-search",
      "version": "1.34.0",
      "systems": {
        "aarch64-darwin": {
          "outputs": [
            {
              "name": "out",
              "path": "/nix/store/08vygg3xd2aqm83xh59831nv1jb9zwbn-just-1.34.0",
              "default": true
            },
            {
              "name": "man",
              "path": "/nix/store/c27cnsl7g7r3i4x29ghkb7hsg19kf2ra-just-1.34.0-man",
              "default": true
            },
            {
              "name": "doc",
              "path": "/nix/store/p192pn3sg4y6mvgsnfa5ppzza4dlnjvn-just-1.34.0-doc"
            }
          ],
          "store_path": "/nix/store/08vygg3xd2aqm83xh59831nv1jb9zwbn-just-1.34.0"
        },
        "aarch64-linux": {
          "outputs": [
            {
              "name": "out",
              "path": "/nix/store/4fdb8xib0m355wnalhndc4dpmxn07n6a-just-1.34.0",
              "default": true
            },
            {
              "name": "man",
              "path": "/nix/store/2ibb6n5zdglr9ad7dyzlihzlxg5ddzz9-just-1.34.0-man",
              "default": true
            },
            {
              "name": "doc",
              "path": "/nix/store/frwjg7x7x45b61988i4sfkpxgd6shvkl-just-1.34.0-doc"
            }
          ],
          "store_path": "/nix/store/4fdb8xib0m355wnalhndc4dpmxn07n6a-just-1.34.0"
        },
        "x86_64-darwin": {
          "outputs": [
            {
              "name": "out",
              "path": "/nix/store/fwdbjv9kwg1f7ilqqn9g3x65s3d8fpkd-just-1.34.0",
              "default": true
            },
            {
              "name": "man",
              "path": "/nix/store/9q42flcw5d5b02k12ihq8pky8a4mg06m-just-1.34.0-man",
              "default": true
            },
            {
              "name": "doc",
              "path": "/nix/store/mvvg8lw83pbmyp04wkwwpdar6xk9zqxh-just-1.34.0-doc"
            }
          ],
          "store_path": "/nix/store/fwdbjv9kwg1f7ilqqn9g3x65s3d8fpkd-just-1.34.0"
        },
        "x86_64-linux": {
          "outputs": [
            {
              "name": "out",
              "path": "/nix/store/7p3n0svlfnhc29qxv5j20mv2npmiaddm-just-1.34.0",
              "default": true
            },
            {
              "name": "man",
              "path": "/nix/store/mygqaq1rra2bq17p6r2jv1ziqsrk3vc1-just-1.34.0-man",
              "default": true
            },
            {
              "name": "doc",
              "path": "/nix/store/1md2lkndziz9qqvg20xm922jhj7sxlld-just-1.34.0-doc"
            }
          ],
          "store_path": "/nix/store/7p3n0svlfnhc29qxv5j20mv2npmiaddm-just-1.34.0"
        }
      }
    },
    "typst@latest": {
      "last_modified": "2024-08-13T00:39:45Z",
      "resolved": "github:NixOS/nixpkgs/60dfaff009e440faefbaeb20d8dda3239ba4a439#typst",
      "source": "devbox-search",
      "version": "0.11.1",
      "systems": {
        "aarch64-darwin": {
          "outputs": [
            {
              "name": "out",
              "path": "/nix/store/i1q2ihfrgci5xg4jc36khfnwcf9l3qpr-typst-0.11.1",
              "default": true
            }
          ],
          "store_path": "/nix/store/i1q2ihfrgci5xg4jc36khfnwcf9l3qpr-typst-0.11.1"
        },
        "aarch64-linux": {
          "outputs": [
            {
              "name": "out",
              "path": "/nix/store/90k3iky2am0jvv95y15mwqsf4mfiqh6b-typst-0.11.1",
              "default": true
            }
          ],
          "store_path": "/nix/store/90k3iky2am0jvv95y15mwqsf4mfiqh6b-typst-0.11.1"
        },
        "x86_64-darwin": {
          "outputs": [
            {
              "name": "out",
              "path": "/nix/store/qlg1x0kzpi41gw0nlg8r7wmxblm8dvk0-typst-0.11.1",
              "default": true
            }
          ],
          "store_path": "/nix/store/qlg1x0kzpi41gw0nlg8r7wmxblm8dvk0-typst-0.11.1"
        },
        "x86_64-linux": {
          "outputs": [
            {
              "name": "out",
              "path": "/nix/store/bj1107jm82g8f075xmb2v2ar2v0gf839-typst-0.11.1",
              "default": true
            }
          ],
          "store_path": "/nix/store/bj1107jm82g8f075xmb2v2ar2v0gf839-typst-0.11.1"
        }
      }
    }
  }
}
